// !$*UTF8*$!
{
	archiveVersion = 1;
	classes = {
	};
	objectVersion = 46;
	objects = {

/* Begin PBXBuildFile section */
		341123C816C141C0001E74F1 /* shelf.png in Resources */ = {isa = PBXBuildFile; fileRef = 341123C716C141C0001E74F1 /* shelf.png */; };
		341123CB16C1466D001E74F1 /* barscan.png in Resources */ = {isa = PBXBuildFile; fileRef = 341123CA16C1466D001E74F1 /* barscan.png */; };
		3449FCFF16C06322006BDA89 /* Default-568h@2x.png in Resources */ = {isa = PBXBuildFile; fileRef = 3449FCFE16C06322006BDA89 /* Default-568h@2x.png */; };
		3449FD0716C090C1006BDA89 /* ad1.png in Resources */ = {isa = PBXBuildFile; fileRef = 3449FD0616C090C1006BDA89 /* ad1.png */; };
		3449FD0916C092A1006BDA89 /* ad2.png in Resources */ = {isa = PBXBuildFile; fileRef = 3449FD0816C092A1006BDA89 /* ad2.png */; };
		3449FD0B16C09385006BDA89 /* ad3.png in Resources */ = {isa = PBXBuildFile; fileRef = 3449FD0A16C09385006BDA89 /* ad3.png */; };
		3449FD0D16C09428006BDA89 /* ad4.png in Resources */ = {isa = PBXBuildFile; fileRef = 3449FD0C16C09428006BDA89 /* ad4.png */; };
		34715E1E16C0B3CC0006542B /* logo.png in Resources */ = {isa = PBXBuildFile; fileRef = 34715E1D16C0B3CC0006542B /* logo.png */; };
		34715E2116C0B5700006542B /* logo1.png in Resources */ = {isa = PBXBuildFile; fileRef = 34715E2016C0B5700006542B /* logo1.png */; };
		3499490F16C0C6560097C060 /* home.png in Resources */ = {isa = PBXBuildFile; fileRef = 3499490E16C0C6560097C060 /* home.png */; };
		34D96CCD16C0EFE000CBC7D1 /* sub.png in Resources */ = {isa = PBXBuildFile; fileRef = 34D96CCC16C0EFE000CBC7D1 /* sub.png */; };
		34D96CD216C0F24600CBC7D1 /* buy2.png in Resources */ = {isa = PBXBuildFile; fileRef = 34D96CD116C0F24600CBC7D1 /* buy2.png */; };
		34E2E85116C0E2920050EA0D /* icon2.png in Resources */ = {isa = PBXBuildFile; fileRef = 34E2E85016C0E2920050EA0D /* icon2.png */; };
		FCACA8F0145BDD1500617F93 /* UIKit.framework in Frameworks */ = {isa = PBXBuildFile; fileRef = FCACA8EF145BDD1500617F93 /* UIKit.framework */; };
		FCACA8F2145BDD1500617F93 /* Foundation.framework in Frameworks */ = {isa = PBXBuildFile; fileRef = FCACA8F1145BDD1500617F93 /* Foundation.framework */; };
		FCACA8F4145BDD1500617F93 /* CoreGraphics.framework in Frameworks */ = {isa = PBXBuildFile; fileRef = FCACA8F3145BDD1500617F93 /* CoreGraphics.framework */; };
		FCACA8FA145BDD1500617F93 /* InfoPlist.strings in Resources */ = {isa = PBXBuildFile; fileRef = FCACA8F8145BDD1500617F93 /* InfoPlist.strings */; };
		FCACA8FC145BDD1500617F93 /* main.m in Sources */ = {isa = PBXBuildFile; fileRef = FCACA8FB145BDD1500617F93 /* main.m */; };
		FCACA900145BDD1500617F93 /* AppDelegate.m in Sources */ = {isa = PBXBuildFile; fileRef = FCACA8FF145BDD1500617F93 /* AppDelegate.m */; };
		FCACA903145BDD1500617F93 /* MainStoryboard.storyboard in Resources */ = {isa = PBXBuildFile; fileRef = FCACA901145BDD1500617F93 /* MainStoryboard.storyboard */; };
		FCACA906145BDD1500617F93 /* FirstViewController.m in Sources */ = {isa = PBXBuildFile; fileRef = FCACA905145BDD1500617F93 /* FirstViewController.m */; };
		FCACA908145BDD1500617F93 /* first.png in Resources */ = {isa = PBXBuildFile; fileRef = FCACA907145BDD1500617F93 /* first.png */; };
		FCACA90A145BDD1500617F93 /* first@2x.png in Resources */ = {isa = PBXBuildFile; fileRef = FCACA909145BDD1500617F93 /* first@2x.png */; };
		FCACA90D145BDD1500617F93 /* SecondViewController.m in Sources */ = {isa = PBXBuildFile; fileRef = FCACA90C145BDD1500617F93 /* SecondViewController.m */; };
		FCACA90F145BDD1500617F93 /* second.png in Resources */ = {isa = PBXBuildFile; fileRef = FCACA90E145BDD1500617F93 /* second.png */; };
		FCACA911145BDD1500617F93 /* second@2x.png in Resources */ = {isa = PBXBuildFile; fileRef = FCACA910145BDD1500617F93 /* second@2x.png */; };
		FCACA922145BE11E00617F93 /* BuildingsDB.png in Resources */ = {isa = PBXBuildFile; fileRef = FCACA918145BE11E00617F93 /* BuildingsDB.png */; };
		FCACA923145BE11E00617F93 /* BuildingsLB.png in Resources */ = {isa = PBXBuildFile; fileRef = FCACA919145BE11E00617F93 /* BuildingsLB.png */; };
		FCACA924145BE11E00617F93 /* HomeDB.png in Resources */ = {isa = PBXBuildFile; fileRef = FCACA91A145BE11E00617F93 /* HomeDB.png */; };
		FCACA925145BE11E00617F93 /* HomeLB.png in Resources */ = {isa = PBXBuildFile; fileRef = FCACA91B145BE11E00617F93 /* HomeLB.png */; };
		FCACA926145BE11E00617F93 /* InformationDB.png in Resources */ = {isa = PBXBuildFile; fileRef = FCACA91C145BE11E00617F93 /* InformationDB.png */; };
		FCACA927145BE11E00617F93 /* InformationLB.png in Resources */ = {isa = PBXBuildFile; fileRef = FCACA91D145BE11E00617F93 /* InformationLB.png */; };
		FCACA928145BE11E00617F93 /* MoreDB.png in Resources */ = {isa = PBXBuildFile; fileRef = FCACA91E145BE11E00617F93 /* MoreDB.png */; };
		FCACA929145BE11E00617F93 /* MoreLB.png in Resources */ = {isa = PBXBuildFile; fileRef = FCACA91F145BE11E00617F93 /* MoreLB.png */; };
		FCACA92A145BE11E00617F93 /* ScheduleDB.png in Resources */ = {isa = PBXBuildFile; fileRef = FCACA920145BE11E00617F93 /* ScheduleDB.png */; };
		FCACA92B145BE11E00617F93 /* ScheduleLB.png in Resources */ = {isa = PBXBuildFile; fileRef = FCACA921145BE11E00617F93 /* ScheduleLB.png */; };
/* End PBXBuildFile section */

/* Begin PBXFileReference section */
		341123C716C141C0001E74F1 /* shelf.png */ = {isa = PBXFileReference; lastKnownFileType = image.png; path = shelf.png; sourceTree = "<group>"; };
		341123CA16C1466D001E74F1 /* barscan.png */ = {isa = PBXFileReference; lastKnownFileType = image.png; path = barscan.png; sourceTree = "<group>"; };
		3449FCFE16C06322006BDA89 /* Default-568h@2x.png */ = {isa = PBXFileReference; lastKnownFileType = image.png; path = "Default-568h@2x.png"; sourceTree = "<group>"; };
		3449FD0616C090C1006BDA89 /* ad1.png */ = {isa = PBXFileReference; lastKnownFileType = image.png; path = ad1.png; sourceTree = "<group>"; };
		3449FD0816C092A1006BDA89 /* ad2.png */ = {isa = PBXFileReference; lastKnownFileType = image.png; path = ad2.png; sourceTree = "<group>"; };
		3449FD0A16C09385006BDA89 /* ad3.png */ = {isa = PBXFileReference; lastKnownFileType = image.png; path = ad3.png; sourceTree = "<group>"; };
		3449FD0C16C09428006BDA89 /* ad4.png */ = {isa = PBXFileReference; lastKnownFileType = image.png; path = ad4.png; sourceTree = "<group>"; };
		34715E1D16C0B3CC0006542B /* logo.png */ = {isa = PBXFileReference; lastKnownFileType = image.png; path = logo.png; sourceTree = "<group>"; };
		34715E2016C0B5700006542B /* logo1.png */ = {isa = PBXFileReference; lastKnownFileType = image.png; path = logo1.png; sourceTree = "<group>"; };
		3499490E16C0C6560097C060 /* home.png */ = {isa = PBXFileReference; lastKnownFileType = image.png; path = home.png; sourceTree = "<group>"; };
		34D96CCC16C0EFE000CBC7D1 /* sub.png */ = {isa = PBXFileReference; lastKnownFileType = image.png; path = sub.png; sourceTree = "<group>"; };
		34D96CD116C0F24600CBC7D1 /* buy2.png */ = {isa = PBXFileReference; lastKnownFileType = image.png; path = buy2.png; sourceTree = "<group>"; };
		34E2E85016C0E2920050EA0D /* icon2.png */ = {isa = PBXFileReference; lastKnownFileType = image.png; path = icon2.png; sourceTree = "<group>"; };
		FCACA8EB145BDD1500617F93 /* BookBoi.app */ = {isa = PBXFileReference; explicitFileType = wrapper.application; includeInIndex = 0; path = BookBoi.app; sourceTree = BUILT_PRODUCTS_DIR; };
		FCACA8EF145BDD1500617F93 /* UIKit.framework */ = {isa = PBXFileReference; lastKnownFileType = wrapper.framework; name = UIKit.framework; path = System/Library/Frameworks/UIKit.framework; sourceTree = SDKROOT; };
		FCACA8F1145BDD1500617F93 /* Foundation.framework */ = {isa = PBXFileReference; lastKnownFileType = wrapper.framework; name = Foundation.framework; path = System/Library/Frameworks/Foundation.framework; sourceTree = SDKROOT; };
		FCACA8F3145BDD1500617F93 /* CoreGraphics.framework */ = {isa = PBXFileReference; lastKnownFileType = wrapper.framework; name = CoreGraphics.framework; path = System/Library/Frameworks/CoreGraphics.framework; sourceTree = SDKROOT; };
		FCACA8F7145BDD1500617F93 /* BookBoi-Info.plist */ = {isa = PBXFileReference; lastKnownFileType = text.plist.xml; path = "BookBoi-Info.plist"; sourceTree = "<group>"; };
		FCACA8F9145BDD1500617F93 /* en */ = {isa = PBXFileReference; lastKnownFileType = text.plist.strings; name = en; path = en.lproj/InfoPlist.strings; sourceTree = "<group>"; };
		FCACA8FB145BDD1500617F93 /* main.m */ = {isa = PBXFileReference; lastKnownFileType = sourcecode.c.objc; path = main.m; sourceTree = "<group>"; };
		FCACA8FD145BDD1500617F93 /* BookBoi-Prefix.pch */ = {isa = PBXFileReference; lastKnownFileType = sourcecode.c.h; path = "BookBoi-Prefix.pch"; sourceTree = "<group>"; };
		FCACA8FE145BDD1500617F93 /* AppDelegate.h */ = {isa = PBXFileReference; lastKnownFileType = sourcecode.c.h; path = AppDelegate.h; sourceTree = "<group>"; };
		FCACA8FF145BDD1500617F93 /* AppDelegate.m */ = {isa = PBXFileReference; lastKnownFileType = sourcecode.c.objc; path = AppDelegate.m; sourceTree = "<group>"; };
		FCACA902145BDD1500617F93 /* en */ = {isa = PBXFileReference; lastKnownFileType = file.storyboard; name = en; path = en.lproj/MainStoryboard.storyboard; sourceTree = "<group>"; };
		FCACA904145BDD1500617F93 /* FirstViewController.h */ = {isa = PBXFileReference; lastKnownFileType = sourcecode.c.h; path = FirstViewController.h; sourceTree = "<group>"; };
		FCACA905145BDD1500617F93 /* FirstViewController.m */ = {isa = PBXFileReference; lastKnownFileType = sourcecode.c.objc; path = FirstViewController.m; sourceTree = "<group>"; };
		FCACA907145BDD1500617F93 /* first.png */ = {isa = PBXFileReference; lastKnownFileType = image.png; path = first.png; sourceTree = "<group>"; };
		FCACA909145BDD1500617F93 /* first@2x.png */ = {isa = PBXFileReference; lastKnownFileType = image.png; path = "first@2x.png"; sourceTree = "<group>"; };
		FCACA90B145BDD1500617F93 /* SecondViewController.h */ = {isa = PBXFileReference; lastKnownFileType = sourcecode.c.h; path = SecondViewController.h; sourceTree = "<group>"; };
		FCACA90C145BDD1500617F93 /* SecondViewController.m */ = {isa = PBXFileReference; lastKnownFileType = sourcecode.c.objc; path = SecondViewController.m; sourceTree = "<group>"; };
		FCACA90E145BDD1500617F93 /* second.png */ = {isa = PBXFileReference; lastKnownFileType = image.png; path = second.png; sourceTree = "<group>"; };
		FCACA910145BDD1500617F93 /* second@2x.png */ = {isa = PBXFileReference; lastKnownFileType = image.png; path = "second@2x.png"; sourceTree = "<group>"; };
		FCACA918145BE11E00617F93 /* BuildingsDB.png */ = {isa = PBXFileReference; lastKnownFileType = image.png; path = BuildingsDB.png; sourceTree = "<group>"; };
		FCACA919145BE11E00617F93 /* BuildingsLB.png */ = {isa = PBXFileReference; lastKnownFileType = image.png; path = BuildingsLB.png; sourceTree = "<group>"; };
		FCACA91A145BE11E00617F93 /* HomeDB.png */ = {isa = PBXFileReference; lastKnownFileType = image.png; path = HomeDB.png; sourceTree = "<group>"; };
		FCACA91B145BE11E00617F93 /* HomeLB.png */ = {isa = PBXFileReference; lastKnownFileType = image.png; path = HomeLB.png; sourceTree = "<group>"; };
		FCACA91C145BE11E00617F93 /* InformationDB.png */ = {isa = PBXFileReference; lastKnownFileType = image.png; path = InformationDB.png; sourceTree = "<group>"; };
		FCACA91D145BE11E00617F93 /* InformationLB.png */ = {isa = PBXFileReference; lastKnownFileType = image.png; path = InformationLB.png; sourceTree = "<group>"; };
		FCACA91E145BE11E00617F93 /* MoreDB.png */ = {isa = PBXFileReference; lastKnownFileType = image.png; path = MoreDB.png; sourceTree = "<group>"; };
		FCACA91F145BE11E00617F93 /* MoreLB.png */ = {isa = PBXFileReference; lastKnownFileType = image.png; path = MoreLB.png; sourceTree = "<group>"; };
		FCACA920145BE11E00617F93 /* ScheduleDB.png */ = {isa = PBXFileReference; lastKnownFileType = image.png; path = ScheduleDB.png; sourceTree = "<group>"; };
		FCACA921145BE11E00617F93 /* ScheduleLB.png */ = {isa = PBXFileReference; lastKnownFileType = image.png; path = ScheduleLB.png; sourceTree = "<group>"; };
/* End PBXFileReference section */

/* Begin PBXFrameworksBuildPhase section */
		FCACA8E8145BDD1500617F93 /* Frameworks */ = {
			isa = PBXFrameworksBuildPhase;
			buildActionMask = 2147483647;
			files = (
				FCACA8F0145BDD1500617F93 /* UIKit.framework in Frameworks */,
				FCACA8F2145BDD1500617F93 /* Foundation.framework in Frameworks */,
				FCACA8F4145BDD1500617F93 /* CoreGraphics.framework in Frameworks */,
			);
			runOnlyForDeploymentPostprocessing = 0;
		};
/* End PBXFrameworksBuildPhase section */

/* Begin PBXGroup section */
		FCACA8E0145BDD1500617F93 = {
			isa = PBXGroup;
			children = (
				3449FCFE16C06322006BDA89 /* Default-568h@2x.png */,
				34E2E85016C0E2920050EA0D /* icon2.png */,
				FCACA8F5145BDD1500617F93 /* CustomTabBar */,
				FCACA8EE145BDD1500617F93 /* Frameworks */,
				FCACA8EC145BDD1500617F93 /* Products */,
			);
			sourceTree = "<group>";
		};
		FCACA8EC145BDD1500617F93 /* Products */ = {
			isa = PBXGroup;
			children = (
				FCACA8EB145BDD1500617F93 /* BookBoi.app */,
			);
			name = Products;
			sourceTree = "<group>";
		};
		FCACA8EE145BDD1500617F93 /* Frameworks */ = {
			isa = PBXGroup;
			children = (
				FCACA8EF145BDD1500617F93 /* UIKit.framework */,
				FCACA8F1145BDD1500617F93 /* Foundation.framework */,
				FCACA8F3145BDD1500617F93 /* CoreGraphics.framework */,
			);
			name = Frameworks;
			sourceTree = "<group>";
		};
		FCACA8F5145BDD1500617F93 /* CustomTabBar */ = {
			isa = PBXGroup;
			children = (
				FCACA8FE145BDD1500617F93 /* AppDelegate.h */,
				FCACA8FF145BDD1500617F93 /* AppDelegate.m */,
				FCACA901145BDD1500617F93 /* MainStoryboard.storyboard */,
				FCACA904145BDD1500617F93 /* FirstViewController.h */,
				FCACA905145BDD1500617F93 /* FirstViewController.m */,
				FCACA907145BDD1500617F93 /* first.png */,
				FCACA909145BDD1500617F93 /* first@2x.png */,
				FCACA90B145BDD1500617F93 /* SecondViewController.h */,
				FCACA90C145BDD1500617F93 /* SecondViewController.m */,
				FCACA90E145BDD1500617F93 /* second.png */,
				FCACA910145BDD1500617F93 /* second@2x.png */,
				FCACA917145BE11E00617F93 /* tabBarpngImages */,
				FCACA8F6145BDD1500617F93 /* Supporting Files */,
			);
			path = CustomTabBar;
			sourceTree = "<group>";
		};
		FCACA8F6145BDD1500617F93 /* Supporting Files */ = {
			isa = PBXGroup;
			children = (
				FCACA8F7145BDD1500617F93 /* BookBoi-Info.plist */,
				FCACA8F8145BDD1500617F93 /* InfoPlist.strings */,
				FCACA8FB145BDD1500617F93 /* main.m */,
				FCACA8FD145BDD1500617F93 /* BookBoi-Prefix.pch */,
			);
			name = "Supporting Files";
			sourceTree = "<group>";
		};
		FCACA917145BE11E00617F93 /* tabBarpngImages */ = {
			isa = PBXGroup;
			children = (
				FCACA918145BE11E00617F93 /* BuildingsDB.png */,
				FCACA919145BE11E00617F93 /* BuildingsLB.png */,
				3449FD0616C090C1006BDA89 /* ad1.png */,
				FCACA91A145BE11E00617F93 /* HomeDB.png */,
				FCACA91B145BE11E00617F93 /* HomeLB.png */,
				3449FD0A16C09385006BDA89 /* ad3.png */,
				34715E1D16C0B3CC0006542B /* logo.png */,
				FCACA91C145BE11E00617F93 /* InformationDB.png */,
				341123CA16C1466D001E74F1 /* barscan.png */,
				34715E2016C0B5700006542B /* logo1.png */,
				34D96CCC16C0EFE000CBC7D1 /* sub.png */,
				FCACA91D145BE11E00617F93 /* InformationLB.png */,
				34D96CD116C0F24600CBC7D1 /* buy2.png */,
				341123C716C141C0001E74F1 /* shelf.png */,
				3499490E16C0C6560097C060 /* home.png */,
				3449FD0C16C09428006BDA89 /* ad4.png */,
				FCACA91E145BE11E00617F93 /* MoreDB.png */,
				3449FD0816C092A1006BDA89 /* ad2.png */,
				FCACA91F145BE11E00617F93 /* MoreLB.png */,
				FCACA920145BE11E00617F93 /* ScheduleDB.png */,
				FCACA921145BE11E00617F93 /* ScheduleLB.png */,
			);
			path = tabBarpngImages;
			sourceTree = "<group>";
		};
/* End PBXGroup section */

/* Begin PBXNativeTarget section */
		FCACA8EA145BDD1500617F93 /* BookBoi */ = {
			isa = PBXNativeTarget;
			buildConfigurationList = FCACA914145BDD1500617F93 /* Build configuration list for PBXNativeTarget "BookBoi" */;
			buildPhases = (
				FCACA8E7145BDD1500617F93 /* Sources */,
				FCACA8E8145BDD1500617F93 /* Frameworks */,
				FCACA8E9145BDD1500617F93 /* Resources */,
			);
			buildRules = (
			);
			dependencies = (
			);
			name = BookBoi;
			productName = CustomTabBar;
			productReference = FCACA8EB145BDD1500617F93 /* BookBoi.app */;
			productType = "com.apple.product-type.application";
		};
/* End PBXNativeTarget section */

/* Begin PBXProject section */
		FCACA8E2145BDD1500617F93 /* Project object */ = {
			isa = PBXProject;
			attributes = {
				LastUpgradeCheck = 0420;
			};
			buildConfigurationList = FCACA8E5145BDD1500617F93 /* Build configuration list for PBXProject "BookBoi" */;
			compatibilityVersion = "Xcode 3.2";
			developmentRegion = English;
			hasScannedForEncodings = 0;
			knownRegions = (
				en,
			);
			mainGroup = FCACA8E0145BDD1500617F93;
			productRefGroup = FCACA8EC145BDD1500617F93 /* Products */;
			projectDirPath = "";
			projectRoot = "";
			targets = (
				FCACA8EA145BDD1500617F93 /* BookBoi */,
			);
		};
/* End PBXProject section */

/* Begin PBXResourcesBuildPhase section */
		FCACA8E9145BDD1500617F93 /* Resources */ = {
			isa = PBXResourcesBuildPhase;
			buildActionMask = 2147483647;
			files = (
				FCACA8FA145BDD1500617F93 /* InfoPlist.strings in Resources */,
				FCACA903145BDD1500617F93 /* MainStoryboard.storyboard in Resources */,
				FCACA908145BDD1500617F93 /* first.png in Resources */,
				FCACA90A145BDD1500617F93 /* first@2x.png in Resources */,
				FCACA90F145BDD1500617F93 /* second.png in Resources */,
				FCACA911145BDD1500617F93 /* second@2x.png in Resources */,
				FCACA922145BE11E00617F93 /* BuildingsDB.png in Resources */,
				FCACA923145BE11E00617F93 /* BuildingsLB.png in Resources */,
				FCACA924145BE11E00617F93 /* HomeDB.png in Resources */,
				FCACA925145BE11E00617F93 /* HomeLB.png in Resources */,
				FCACA926145BE11E00617F93 /* InformationDB.png in Resources */,
				FCACA927145BE11E00617F93 /* InformationLB.png in Resources */,
				FCACA928145BE11E00617F93 /* MoreDB.png in Resources */,
				FCACA929145BE11E00617F93 /* MoreLB.png in Resources */,
				FCACA92A145BE11E00617F93 /* ScheduleDB.png in Resources */,
				FCACA92B145BE11E00617F93 /* ScheduleLB.png in Resources */,
				3449FCFF16C06322006BDA89 /* Default-568h@2x.png in Resources */,
				3449FD0716C090C1006BDA89 /* ad1.png in Resources */,
				3449FD0916C092A1006BDA89 /* ad2.png in Resources */,
				3449FD0B16C09385006BDA89 /* ad3.png in Resources */,
				3449FD0D16C09428006BDA89 /* ad4.png in Resources */,
				34715E1E16C0B3CC0006542B /* logo.png in Resources */,
				34715E2116C0B5700006542B /* logo1.png in Resources */,
				3499490F16C0C6560097C060 /* home.png in Resources */,
				34E2E85116C0E2920050EA0D /* icon2.png in Resources */,
				34D96CCD16C0EFE000CBC7D1 /* sub.png in Resources */,
				34D96CD216C0F24600CBC7D1 /* buy2.png in Resources */,
				341123C816C141C0001E74F1 /* shelf.png in Resources */,
				341123CB16C1466D001E74F1 /* barscan.png in Resources */,
			);
			runOnlyForDeploymentPostprocessing = 0;
		};
/* End PBXResourcesBuildPhase section */

/* Begin PBXSourcesBuildPhase section */
		FCACA8E7145BDD1500617F93 /* Sources */ = {
			isa = PBXSourcesBuildPhase;
			buildActionMask = 2147483647;
			files = (
				FCACA8FC145BDD1500617F93 /* main.m in Sources */,
				FCACA900145BDD1500617F93 /* AppDelegate.m in Sources */,
				FCACA906145BDD1500617F93 /* FirstViewController.m in Sources */,
				FCACA90D145BDD1500617F93 /* SecondViewController.m in Sources */,
			);
			runOnlyForDeploymentPostprocessing = 0;
		};
/* End PBXSourcesBuildPhase section */

/* Begin PBXVariantGroup section */
		FCACA8F8145BDD1500617F93 /* InfoPlist.strings */ = {
			isa = PBXVariantGroup;
			children = (
				FCACA8F9145BDD1500617F93 /* en */,
			);
			name = InfoPlist.strings;
			sourceTree = "<group>";
		};
		FCACA901145BDD1500617F93 /* MainStoryboard.storyboard */ = {
			isa = PBXVariantGroup;
			children = (
				FCACA902145BDD1500617F93 /* en */,
			);
			name = MainStoryboard.storyboard;
			sourceTree = "<group>";
		};
/* End PBXVariantGroup section */

/* Begin XCBuildConfiguration section */
		FCACA912145BDD1500617F93 /* Debug */ = {
			isa = XCBuildConfiguration;
			buildSettings = {
				ALWAYS_SEARCH_USER_PATHS = NO;
				ARCHS = "$(ARCHS_STANDARD_32_BIT)";
				CLANG_ENABLE_OBJC_ARC = YES;
				"CODE_SIGN_IDENTITY[sdk=iphoneos*]" = "iPhone Developer";
				COPY_PHASE_STRIP = NO;
				GCC_C_LANGUAGE_STANDARD = gnu99;
				GCC_DYNAMIC_NO_PIC = NO;
				GCC_OPTIMIZATION_LEVEL = 0;
				GCC_PREPROCESSOR_DEFINITIONS = (
					"DEBUG=1",
					"$(inherited)",
				);
				GCC_SYMBOLS_PRIVATE_EXTERN = NO;
				GCC_VERSION = com.apple.compilers.llvm.clang.1_0;
				GCC_WARN_ABOUT_MISSING_PROTOTYPES = YES;
				GCC_WARN_ABOUT_RETURN_TYPE = YES;
				GCC_WARN_UNUSED_VARIABLE = YES;
				IPHONEOS_DEPLOYMENT_TARGET = 5.0;
				SDKROOT = iphoneos;
			};
			name = Debug;
		};
		FCACA913145BDD1500617F93 /* Release */ = {
			isa = XCBuildConfiguration;
			buildSettings = {
				ALWAYS_SEARCH_USER_PATHS = NO;
				ARCHS = "$(ARCHS_STANDARD_32_BIT)";
				CLANG_ENABLE_OBJC_ARC = YES;
				"CODE_SIGN_IDENTITY[sdk=iphoneos*]" = "iPhone Developer";
				COPY_PHASE_STRIP = YES;
				GCC_C_LANGUAGE_STANDARD = gnu99;
				GCC_VERSION = com.apple.compilers.llvm.clang.1_0;
				GCC_WARN_ABOUT_MISSING_PROTOTYPES = YES;
				GCC_WARN_ABOUT_RETURN_TYPE = YES;
				GCC_WARN_UNUSED_VARIABLE = YES;
				IPHONEOS_DEPLOYMENT_TARGET = 5.0;
				OTHER_CFLAGS = "-DNS_BLOCK_ASSERTIONS=1";
				SDKROOT = iphoneos;
				VALIDATE_PRODUCT = YES;
			};
			name = Release;
		};
		FCACA915145BDD1500617F93 /* Debug */ = {
			isa = XCBuildConfiguration;
			buildSettings = {
				GCC_PRECOMPILE_PREFIX_HEADER = YES;
				GCC_PREFIX_HEADER = "CustomTabBar/BookBoi-Prefix.pch";
				INFOPLIST_FILE = "CustomTabBar/BookBoi-Info.plist";
				IPHONEOS_DEPLOYMENT_TARGET = 6.0;
				PRODUCT_NAME = BookBoi;
				WRAPPER_EXTENSION = app;
			};
			name = Debug;
		};
		FCACA916145BDD1500617F93 /* Release */ = {
			isa = XCBuildConfiguration;
			buildSettings = {
				GCC_PRECOMPILE_PREFIX_HEADER = YES;
				GCC_PREFIX_HEADER = "CustomTabBar/BookBoi-Prefix.pch";
				INFOPLIST_FILE = "CustomTabBar/BookBoi-Info.plist";
				IPHONEOS_DEPLOYMENT_TARGET = 6.0;
				PRODUCT_NAME = BookBoi;
				WRAPPER_EXTENSION = app;
			};
			name = Release;
		};
/* End XCBuildConfiguration section */

/* Begin XCConfigurationList section */
		FCACA8E5145BDD1500617F93 /* Build configuration list for PBXProject "BookBoi" */ = {
			isa = XCConfigurationList;
			buildConfigurations = (
				FCACA912145BDD1500617F93 /* Debug */,
				FCACA913145BDD1500617F93 /* Release */,
			);
			defaultConfigurationIsVisible = 0;
			defaultConfigurationName = Release;
		};
		FCACA914145BDD1500617F93 /* Build configuration list for PBXNativeTarget "BookBoi" */ = {
			isa = XCConfigurationList;
			buildConfigurations = (
				FCACA915145BDD1500617F93 /* Debug */,
				FCACA916145BDD1500617F93 /* Release */,
			);
			defaultConfigurationIsVisible = 0;
			defaultConfigurationName = Release;
		};
/* End XCConfigurationList section */
	};
	rootObject = FCACA8E2145BDD1500617F93 /* Project object */;
}
